
Microsoft Visual Studio Solution File, Format Version 12.00
# Visual Studio 15
VisualStudioVersion = 15.0.26403.3
MinimumVisualStudioVersion = 10.0.40219.1
Project("{F184B08F-C81C-45F6-A57F-5ABD9991F28F}") = "ContosoWeb", "ContosoWeb\ContosoWeb.vbproj", "{3DDC4F90-B497-4840-8A6C-D66F0E800413}"
EndProject
Global
	GlobalSection(SolutionConfigurationPlatforms) = preSolution
		Debug|Any CPU = Debug|Any CPU
		Release|Any CPU = Release|Any CPU
	EndGlobalSection
	GlobalSection(ProjectConfigurationPlatforms) = postSolution
		{3DDC4F90-B497-4840-8A6C-D66F0E800413}.Debug|Any CPU.ActiveCfg = Debug|Any CPU
		{3DDC4F90-B497-4840-8A6C-D66F0E800413}.Debug|Any CPU.Build.0 = Debug|Any CPU
		{3DDC4F90-B497-4840-8A6C-D66F0E800413}.Release|Any CPU.ActiveCfg = Release|Any CPU
		{3DDC4F90-B497-4840-8A6C-D66F0E800413}.Release|Any CPU.Build.0 = Release|Any CPU
	EndGlobalSection
	GlobalSection(SolutionProperties) = preSolution
		HideSolutionNode = FALSE
	EndGlobalSection
EndGlobal
